// !$*UTF8*$!
{
	archiveVersion = 1;
	classes = {
	};
	objectVersion = 46;
	objects = {

/* Begin PBXBuildFile section */
		1772B7E0DC166282EF2AC9D5 /* intel_logo.png in Resources */ = {isa = PBXBuildFile; fileRef = DE2E2291D78E7E8A49FE73D5 /* intel_logo.png */; };
		1B2BBD407903A08FF89DBA5A /* preregister.txt in Resources */ = {isa = PBXBuildFile; fileRef = 1F34283DAF484BF50A6F8474 /* preregister.txt */; };
		37051E9F895957452FC6B1D2 /* application.jar in Resources */ = {isa = PBXBuildFile; fileRef = A95B9CB9599009FF32E2A101 /* application.jar */; };
		371F7D6F442B867B90238658 /* MOE.framework in Frameworks */ = {isa = PBXBuildFile; fileRef = 2A6E9C641D5133059A82DE32 /* MOE.framework */; };
		456765A59E4ECEBB5915136F /* main.cpp in Sources */ = {isa = PBXBuildFile; fileRef = C980B8147A152511F35C11E1 /* main.cpp */; };
		654F10C5E8FC26E04651657B /* MainUI.storyboard in Resources */ = {isa = PBXBuildFile; fileRef = 554C08A163C2FD96F68702A6 /* MainUI.storyboard */; };
		7D4874B2F2DF13DFBA601CAF /* MOE.framework in Embed Frameworks */ = {isa = PBXBuildFile; fileRef = 2A6E9C641D5133059A82DE32 /* MOE.framework */; settings = {ATTRIBUTES = (CodeSignOnCopy, RemoveHeadersOnCopy, ); }; };
		8BBA446955B410CA1BB8937D /* preregister.txt in Resources */ = {isa = PBXBuildFile; fileRef = 9B2C1907996549D66EFB7AFA /* preregister.txt */; };
		9927DCA21CF5E0080091251D /* x_org_json_simple_ItemList.m in Sources */ = {isa = PBXBuildFile; fileRef = 9927DC951CF5E0080091251D /* x_org_json_simple_ItemList.m */; };
		9927DCA31CF5E0080091251D /* x_org_json_simple_JSONArray.m in Sources */ = {isa = PBXBuildFile; fileRef = 9927DC971CF5E0080091251D /* x_org_json_simple_JSONArray.m */; };
		9927DCA41CF5E0080091251D /* x_org_json_simple_JSONObject.m in Sources */ = {isa = PBXBuildFile; fileRef = 9927DC991CF5E0080091251D /* x_org_json_simple_JSONObject.m */; };
		9927DCA51CF5E0080091251D /* x_org_json_simple_JSONValue.m in Sources */ = {isa = PBXBuildFile; fileRef = 9927DC9B1CF5E0080091251D /* x_org_json_simple_JSONValue.m */; };
		9927DCA61CF5E0080091251D /* x_org_json_simple_parser_JSONParser.m in Sources */ = {isa = PBXBuildFile; fileRef = 9927DC9D1CF5E0080091251D /* x_org_json_simple_parser_JSONParser.m */; };
		9927DCA71CF5E0080091251D /* x_org_json_simple_parser_ParseException.m in Sources */ = {isa = PBXBuildFile; fileRef = 9927DC9F1CF5E0080091251D /* x_org_json_simple_parser_ParseException.m */; };
		9927DCA81CF5E0080091251D /* x_org_json_simple_parser_Yytoken.m in Sources */ = {isa = PBXBuildFile; fileRef = 9927DCA11CF5E0080091251D /* x_org_json_simple_parser_Yytoken.m */; };
		DFFDF8572C068EAC81327ECF /* classlist.txt in Resources */ = {isa = PBXBuildFile; fileRef = 27F5BA36705C33D524EDEBF7 /* classlist.txt */; };
		E32EE491B7203351F1E36B83 /* main.cpp in Sources */ = {isa = PBXBuildFile; fileRef = C980B8147A152511F35C11E1 /* main.cpp */; };
		E7E379DA1F8502F60640E07B /* MOE.framework in Embed Frameworks */ = {isa = PBXBuildFile; fileRef = 2A6E9C641D5133059A82DE32 /* MOE.framework */; settings = {ATTRIBUTES = (CodeSignOnCopy, RemoveHeadersOnCopy, ); }; };
		F0E7DD379441AB8C2A8D2299 /* MOE.framework in Frameworks */ = {isa = PBXBuildFile; fileRef = 2A6E9C641D5133059A82DE32 /* MOE.framework */; };
		F3498877ABEAFA8232973088 /* LaunchScreen.xib in Resources */ = {isa = PBXBuildFile; fileRef = C53A7C30A3EF29C026AC934C /* LaunchScreen.xib */; };
		FE8B72F68054A414995C899E /* application.jar in Resources */ = {isa = PBXBuildFile; fileRef = D2B26B0BB45F738994DC33ED /* application.jar */; };
/* End PBXBuildFile section */

/* Begin PBXCopyFilesBuildPhase section */
		3E221A16341EF53D32488ECD /* Embed Frameworks */ = {
			isa = PBXCopyFilesBuildPhase;
			buildActionMask = 2147483647;
			dstPath = "";
			dstSubfolderSpec = 10;
			files = (
				7D4874B2F2DF13DFBA601CAF /* MOE.framework in Embed Frameworks */,
			);
			name = "Embed Frameworks";
			runOnlyForDeploymentPostprocessing = 0;
		};
		7C2463F58CC8E0B261C0A1E9 /* Embed Frameworks */ = {
			isa = PBXCopyFilesBuildPhase;
			buildActionMask = 2147483647;
			dstPath = "";
			dstSubfolderSpec = 10;
			files = (
				E7E379DA1F8502F60640E07B /* MOE.framework in Embed Frameworks */,
			);
			name = "Embed Frameworks";
			runOnlyForDeploymentPostprocessing = 0;
		};
/* End PBXCopyFilesBuildPhase section */

/* Begin PBXFileReference section */
		1F34283DAF484BF50A6F8474 /* preregister.txt */ = {isa = PBXFileReference; lastKnownFileType = text; name = preregister.txt; path = ../build/moe/test/preregister.txt; sourceTree = SOURCE_ROOT; };
		27F5BA36705C33D524EDEBF7 /* classlist.txt */ = {isa = PBXFileReference; lastKnownFileType = text; name = classlist.txt; path = ../build/moe/test/classlist.txt; sourceTree = SOURCE_ROOT; };
		2A6E9C641D5133059A82DE32 /* MOE.framework */ = {isa = PBXFileReference; lastKnownFileType = wrapper.framework; path = MOE.framework; sourceTree = MOE_FRAMEWORK_PATH; };
		554C08A163C2FD96F68702A6 /* MainUI.storyboard */ = {isa = PBXFileReference; lastKnownFileType = file.storyboard; name = MainUI.storyboard; path = ../src/main/resources/MainUI.storyboard; sourceTree = SOURCE_ROOT; };
		563C7942502A0658014F294F /* build.xcconfig */ = {isa = PBXFileReference; lastKnownFileType = text.xcconfig; path = build.xcconfig; sourceTree = "<group>"; };
		68C95E3B3144CE54D2C0F28A /* bind_json_simple_1_1_1-Test.app */ = {isa = PBXFileReference; explicitFileType = wrapper.application; includeInIndex = 0; path = "bind_json_simple_1_1_1-Test.app"; sourceTree = BUILT_PRODUCTS_DIR; };
		9927DC941CF5E0080091251D /* x_org_json_simple_ItemList.h */ = {isa = PBXFileReference; fileEncoding = 4; lastKnownFileType = sourcecode.c.h; path = x_org_json_simple_ItemList.h; sourceTree = "<group>"; };
		9927DC951CF5E0080091251D /* x_org_json_simple_ItemList.m */ = {isa = PBXFileReference; fileEncoding = 4; lastKnownFileType = sourcecode.c.objc; path = x_org_json_simple_ItemList.m; sourceTree = "<group>"; };
		9927DC961CF5E0080091251D /* x_org_json_simple_JSONArray.h */ = {isa = PBXFileReference; fileEncoding = 4; lastKnownFileType = sourcecode.c.h; path = x_org_json_simple_JSONArray.h; sourceTree = "<group>"; };
		9927DC971CF5E0080091251D /* x_org_json_simple_JSONArray.m */ = {isa = PBXFileReference; fileEncoding = 4; lastKnownFileType = sourcecode.c.objc; path = x_org_json_simple_JSONArray.m; sourceTree = "<group>"; };
		9927DC981CF5E0080091251D /* x_org_json_simple_JSONObject.h */ = {isa = PBXFileReference; fileEncoding = 4; lastKnownFileType = sourcecode.c.h; path = x_org_json_simple_JSONObject.h; sourceTree = "<group>"; };
		9927DC991CF5E0080091251D /* x_org_json_simple_JSONObject.m */ = {isa = PBXFileReference; fileEncoding = 4; lastKnownFileType = sourcecode.c.objc; path = x_org_json_simple_JSONObject.m; sourceTree = "<group>"; };
		9927DC9A1CF5E0080091251D /* x_org_json_simple_JSONValue.h */ = {isa = PBXFileReference; fileEncoding = 4; lastKnownFileType = sourcecode.c.h; path = x_org_json_simple_JSONValue.h; sourceTree = "<group>"; };
		9927DC9B1CF5E0080091251D /* x_org_json_simple_JSONValue.m */ = {isa = PBXFileReference; fileEncoding = 4; lastKnownFileType = sourcecode.c.objc; path = x_org_json_simple_JSONValue.m; sourceTree = "<group>"; };
		9927DC9C1CF5E0080091251D /* x_org_json_simple_parser_JSONParser.h */ = {isa = PBXFileReference; fileEncoding = 4; lastKnownFileType = sourcecode.c.h; path = x_org_json_simple_parser_JSONParser.h; sourceTree = "<group>"; };
		9927DC9D1CF5E0080091251D /* x_org_json_simple_parser_JSONParser.m */ = {isa = PBXFileReference; fileEncoding = 4; lastKnownFileType = sourcecode.c.objc; path = x_org_json_simple_parser_JSONParser.m; sourceTree = "<group>"; };
		9927DC9E1CF5E0080091251D /* x_org_json_simple_parser_ParseException.h */ = {isa = PBXFileReference; fileEncoding = 4; lastKnownFileType = sourcecode.c.h; path = x_org_json_simple_parser_ParseException.h; sourceTree = "<group>"; };
		9927DC9F1CF5E0080091251D /* x_org_json_simple_parser_ParseException.m */ = {isa = PBXFileReference; fileEncoding = 4; lastKnownFileType = sourcecode.c.objc; path = x_org_json_simple_parser_ParseException.m; sourceTree = "<group>"; };
		9927DCA01CF5E0080091251D /* x_org_json_simple_parser_Yytoken.h */ = {isa = PBXFileReference; fileEncoding = 4; lastKnownFileType = sourcecode.c.h; path = x_org_json_simple_parser_Yytoken.h; sourceTree = "<group>"; };
		9927DCA11CF5E0080091251D /* x_org_json_simple_parser_Yytoken.m */ = {isa = PBXFileReference; fileEncoding = 4; lastKnownFileType = sourcecode.c.objc; path = x_org_json_simple_parser_Yytoken.m; sourceTree = "<group>"; };
		9B2C1907996549D66EFB7AFA /* preregister.txt */ = {isa = PBXFileReference; lastKnownFileType = text; name = preregister.txt; path = ../build/moe/main/preregister.txt; sourceTree = SOURCE_ROOT; };
		A6B5580F4A1D4363F3678A3F /* Info.plist */ = {isa = PBXFileReference; lastKnownFileType = text.plist.xml; name = Info.plist; path = bind_json_simple_1_1_1/Info.plist; sourceTree = "<group>"; };
		A95B9CB9599009FF32E2A101 /* application.jar */ = {isa = PBXFileReference; lastKnownFileType = archive.jar; name = application.jar; path = ../build/moe/main/application.jar; sourceTree = SOURCE_ROOT; };
		B225922206421BA2008EB687 /* build.xcconfig */ = {isa = PBXFileReference; lastKnownFileType = text.xcconfig; path = build.xcconfig; sourceTree = "<group>"; };
		C53A7C30A3EF29C026AC934C /* LaunchScreen.xib */ = {isa = PBXFileReference; lastKnownFileType = file.xib; name = LaunchScreen.xib; path = ../src/main/resources/LaunchScreen.xib; sourceTree = SOURCE_ROOT; };
		C980B8147A152511F35C11E1 /* main.cpp */ = {isa = PBXFileReference; lastKnownFileType = sourcecode.cpp.cpp; path = main.cpp; sourceTree = "<group>"; };
		D2B26B0BB45F738994DC33ED /* application.jar */ = {isa = PBXFileReference; lastKnownFileType = archive.jar; name = application.jar; path = ../build/moe/test/application.jar; sourceTree = SOURCE_ROOT; };
		DE2E2291D78E7E8A49FE73D5 /* intel_logo.png */ = {isa = PBXFileReference; lastKnownFileType = image.png; name = intel_logo.png; path = ../src/main/resources/intel_logo.png; sourceTree = SOURCE_ROOT; };
		DEA2C515FC01224D2DF6A6ED /* bind_json_simple_1_1_1.app */ = {isa = PBXFileReference; explicitFileType = wrapper.application; includeInIndex = 0; path = bind_json_simple_1_1_1.app; sourceTree = BUILT_PRODUCTS_DIR; };
		F571BF3F492F0868AD95FAB4 /* Info-Test.plist */ = {isa = PBXFileReference; lastKnownFileType = text.plist.xml; name = "Info-Test.plist"; path = "bind_json_simple_1_1_1-Test/Info-Test.plist"; sourceTree = "<group>"; };
/* End PBXFileReference section */

/* Begin PBXFrameworksBuildPhase section */
		3FCB75A4C5DCA69B802B69C9 /* Frameworks */ = {
			isa = PBXFrameworksBuildPhase;
			buildActionMask = 2147483647;
			files = (
				371F7D6F442B867B90238658 /* MOE.framework in Frameworks */,
			);
			runOnlyForDeploymentPostprocessing = 0;
		};
		CC128A1C7B61A3617CA8B7F0 /* Frameworks */ = {
			isa = PBXFrameworksBuildPhase;
			buildActionMask = 2147483647;
			files = (
				F0E7DD379441AB8C2A8D2299 /* MOE.framework in Frameworks */,
			);
			runOnlyForDeploymentPostprocessing = 0;
		};
/* End PBXFrameworksBuildPhase section */

/* Begin PBXGroup section */
		50807AE33AB3410E5CE6658A /* bind_json_simple_1_1_1 */ = {
			isa = PBXGroup;
			children = (
				97D9716449C74800000FF8DD /* Supporting Files */,
			);
			path = bind_json_simple_1_1_1;
			sourceTree = "<group>";
		};
		5E35A76990FB8CB901EAA93B /* bind_json_simple_1_1_1-Test */ = {
			isa = PBXGroup;
			children = (
				721D6377E52B6E198E9B8D20 /* Supporting Files */,
			);
			path = "bind_json_simple_1_1_1-Test";
			sourceTree = "<group>";
		};
		721D6377E52B6E198E9B8D20 /* Supporting Files */ = {
			isa = PBXGroup;
			children = (
				563C7942502A0658014F294F /* build.xcconfig */,
				F571BF3F492F0868AD95FAB4 /* Info-Test.plist */,
				1F34283DAF484BF50A6F8474 /* preregister.txt */,
				D2B26B0BB45F738994DC33ED /* application.jar */,
				27F5BA36705C33D524EDEBF7 /* classlist.txt */,
			);
			name = "Supporting Files";
			sourceTree = "<group>";
		};
		7A66C183F11D4FBBC244B541 = {
			isa = PBXGroup;
			children = (
				50807AE33AB3410E5CE6658A /* bind_json_simple_1_1_1 */,
				5E35A76990FB8CB901EAA93B /* bind_json_simple_1_1_1-Test */,
				E3B1074153720155CE2FAD5B /* Frameworks */,
				E4D0AC41AE93D2363F736A41 /* Products */,
			);
			sourceTree = "<group>";
		};
		97D9716449C74800000FF8DD /* Supporting Files */ = {
			isa = PBXGroup;
			children = (
				9927DC941CF5E0080091251D /* x_org_json_simple_ItemList.h */,
				9927DC951CF5E0080091251D /* x_org_json_simple_ItemList.m */,
				9927DC961CF5E0080091251D /* x_org_json_simple_JSONArray.h */,
				9927DC971CF5E0080091251D /* x_org_json_simple_JSONArray.m */,
				9927DC981CF5E0080091251D /* x_org_json_simple_JSONObject.h */,
				9927DC991CF5E0080091251D /* x_org_json_simple_JSONObject.m */,
				9927DC9A1CF5E0080091251D /* x_org_json_simple_JSONValue.h */,
				9927DC9B1CF5E0080091251D /* x_org_json_simple_JSONValue.m */,
				9927DC9C1CF5E0080091251D /* x_org_json_simple_parser_JSONParser.h */,
				9927DC9D1CF5E0080091251D /* x_org_json_simple_parser_JSONParser.m */,
				9927DC9E1CF5E0080091251D /* x_org_json_simple_parser_ParseException.h */,
				9927DC9F1CF5E0080091251D /* x_org_json_simple_parser_ParseException.m */,
				9927DCA01CF5E0080091251D /* x_org_json_simple_parser_Yytoken.h */,
				9927DCA11CF5E0080091251D /* x_org_json_simple_parser_Yytoken.m */,
				C980B8147A152511F35C11E1 /* main.cpp */,
				B225922206421BA2008EB687 /* build.xcconfig */,
				A6B5580F4A1D4363F3678A3F /* Info.plist */,
				9B2C1907996549D66EFB7AFA /* preregister.txt */,
				A95B9CB9599009FF32E2A101 /* application.jar */,
				C53A7C30A3EF29C026AC934C /* LaunchScreen.xib */,
				DE2E2291D78E7E8A49FE73D5 /* intel_logo.png */,
				554C08A163C2FD96F68702A6 /* MainUI.storyboard */,
			);
			name = "Supporting Files";
			sourceTree = "<group>";
		};
		E3B1074153720155CE2FAD5B /* Frameworks */ = {
			isa = PBXGroup;
			children = (
				2A6E9C641D5133059A82DE32 /* MOE.framework */,
			);
			path = Frameworks;
			sourceTree = "<group>";
		};
		E4D0AC41AE93D2363F736A41 /* Products */ = {
			isa = PBXGroup;
			children = (
				DEA2C515FC01224D2DF6A6ED /* bind_json_simple_1_1_1.app */,
				68C95E3B3144CE54D2C0F28A /* bind_json_simple_1_1_1-Test.app */,
			);
			path = Products;
			sourceTree = "<group>";
		};
/* End PBXGroup section */

/* Begin PBXNativeTarget section */
		409D335640786CD42108547F /* bind_json_simple_1_1_1 */ = {
			isa = PBXNativeTarget;
			buildConfigurationList = B2A60672C7F99955DC028EF9 /* Build configuration list for PBXNativeTarget "bind_json_simple_1_1_1" */;
			buildPhases = (
				6DEA0BC2C1B4FDC2C126770E /* Compile Sources (MOE) */,
				3FCB75A4C5DCA69B802B69C9 /* Frameworks */,
				7AF82B7A8AF339DA66F688B8 /* Resources */,
				FAF4023B72B39950D173423D /* Sources */,
				3E221A16341EF53D32488ECD /* Embed Frameworks */,
			);
			buildRules = (
			);
			name = bind_json_simple_1_1_1;
			productName = bind_json_simple_1_1_1;
			productReference = DEA2C515FC01224D2DF6A6ED /* bind_json_simple_1_1_1.app */;
			productType = "com.apple.product-type.application";
		};
		5D8D522B2614FF5C89AD6E1B /* bind_json_simple_1_1_1-Test */ = {
			isa = PBXNativeTarget;
			buildConfigurationList = 6B60357D3B8385B8F49A137C /* Build configuration list for PBXNativeTarget "bind_json_simple_1_1_1-Test" */;
			buildPhases = (
				79901B8CFF5FD1BA2BAE0DB7 /* Compile Sources (MOE) */,
				CC128A1C7B61A3617CA8B7F0 /* Frameworks */,
				5B08CBCBA8D7A5F9EA73818A /* Resources */,
				457628E959C2387C830CB1B9 /* Sources */,
				7C2463F58CC8E0B261C0A1E9 /* Embed Frameworks */,
			);
			buildRules = (
			);
			name = "bind_json_simple_1_1_1-Test";
			productName = "bind_json_simple_1_1_1-Test";
			productReference = 68C95E3B3144CE54D2C0F28A /* bind_json_simple_1_1_1-Test.app */;
			productType = "com.apple.product-type.application";
		};
/* End PBXNativeTarget section */

/* Begin PBXProject section */
		2F4E9EAB0CE6F6AA45549003 /* Project object */ = {
			isa = PBXProject;
			attributes = {
				ORGANIZATIONNAME = "";
			};
			buildConfigurationList = 07EE09E18D5F35F80D8A7B96 /* Build configuration list for PBXProject "bind_json_simple_1_1_1" */;
			compatibilityVersion = "Xcode 3.2";
			developmentRegion = English;
			hasScannedForEncodings = 0;
			knownRegions = (
				en,
				Base,
			);
			mainGroup = 7A66C183F11D4FBBC244B541;
			productRefGroup = E4D0AC41AE93D2363F736A41 /* Products */;
			projectDirPath = "";
			projectRoot = "";
			targets = (
				409D335640786CD42108547F /* bind_json_simple_1_1_1 */,
				5D8D522B2614FF5C89AD6E1B /* bind_json_simple_1_1_1-Test */,
			);
		};
/* End PBXProject section */

/* Begin PBXResourcesBuildPhase section */
		5B08CBCBA8D7A5F9EA73818A /* Resources */ = {
			isa = PBXResourcesBuildPhase;
			buildActionMask = 2147483647;
			files = (
				1B2BBD407903A08FF89DBA5A /* preregister.txt in Resources */,
				FE8B72F68054A414995C899E /* application.jar in Resources */,
				DFFDF8572C068EAC81327ECF /* classlist.txt in Resources */,
			);
			runOnlyForDeploymentPostprocessing = 0;
		};
		7AF82B7A8AF339DA66F688B8 /* Resources */ = {
			isa = PBXResourcesBuildPhase;
			buildActionMask = 2147483647;
			files = (
				8BBA446955B410CA1BB8937D /* preregister.txt in Resources */,
				37051E9F895957452FC6B1D2 /* application.jar in Resources */,
				F3498877ABEAFA8232973088 /* LaunchScreen.xib in Resources */,
				1772B7E0DC166282EF2AC9D5 /* intel_logo.png in Resources */,
				654F10C5E8FC26E04651657B /* MainUI.storyboard in Resources */,
			);
			runOnlyForDeploymentPostprocessing = 0;
		};
/* End PBXResourcesBuildPhase section */

/* Begin PBXShellScriptBuildPhase section */
		6DEA0BC2C1B4FDC2C126770E /* Compile Sources (MOE) */ = {
			isa = PBXShellScriptBuildPhase;
			buildActionMask = 2147483647;
			files = (
			);
			inputPaths = (
			);
			name = "Compile Sources (MOE)";
			outputPaths = (
			);
			runOnlyForDeploymentPostprocessing = 0;
			shellPath = /bin/bash;
			shellScript = "cd \"${SRCROOT}/..\"\n\nexport JAVA_HOME=$(/usr/libexec/java_home -v 1.8)\njava -version\n\n########################\n# Find Gradle\n########################\nfunction findGradle {\n\tCD=\"$PWD\"\n\twhile [ \"$CD\" != \"\" ]; do\n\t\techo \"Looking for gradlew in $CD\"\n\t\tif [ -x \"$CD/gradlew\" ]; then\n\t\t\tGRADLE_EXEC=$CD/gradlew\n\t\t\treturn 0\n\t\tfi\n\t\tCD=\"${CD%/*}\"\n\tdone\n\n\tDEFAULT_PATH=$(echo $PATH)\n\tsource ~/.bash_profile\n\texport PATH=$PATH:DEFAULT_PATH\n\n\techo \"Checking with 'which'\"\n\tGRADLE_EXEC=$(which 'gradle')\n\n\tif [ \"$GRADLE_EXEC\" = \"\" ]; then\n\t\techo \"Falling back to '/usr/local/bin/gradle'\"\n\t\tGRADLE_EXEC=/usr/local/bin/gradle\n\tfi\n}\n########################\n# Execute Gradle build\n########################\nif [ -z \"$MOE_GRADLE_EXTERNAL_BUILD\" ]; then\n    findGradle\n\n    \"$GRADLE_EXEC\" --daemon moeXcodeInternal\nfi\n";
		};
		79901B8CFF5FD1BA2BAE0DB7 /* Compile Sources (MOE) */ = {
			isa = PBXShellScriptBuildPhase;
			buildActionMask = 2147483647;
			files = (
			);
			inputPaths = (
			);
			name = "Compile Sources (MOE)";
			outputPaths = (
			);
			runOnlyForDeploymentPostprocessing = 0;
			shellPath = /bin/bash;
			shellScript = "cd \"${SRCROOT}/..\"\n\nexport JAVA_HOME=$(/usr/libexec/java_home -v 1.8)\njava -version\n\n########################\n# Find Gradle\n########################\nfunction findGradle {\n\tCD=\"$PWD\"\n\twhile [ \"$CD\" != \"\" ]; do\n\t\techo \"Looking for gradlew in $CD\"\n\t\tif [ -x \"$CD/gradlew\" ]; then\n\t\t\tGRADLE_EXEC=$CD/gradlew\n\t\t\treturn 0\n\t\tfi\n\t\tCD=\"${CD%/*}\"\n\tdone\n\n\tDEFAULT_PATH=$(echo $PATH)\n\tsource ~/.bash_profile\n\texport PATH=$PATH:DEFAULT_PATH\n\n\techo \"Checking with 'which'\"\n\tGRADLE_EXEC=$(which 'gradle')\n\n\tif [ \"$GRADLE_EXEC\" = \"\" ]; then\n\t\techo \"Falling back to '/usr/local/bin/gradle'\"\n\t\tGRADLE_EXEC=/usr/local/bin/gradle\n\tfi\n}\n########################\n# Execute Gradle build\n########################\nif [ -z \"$MOE_GRADLE_EXTERNAL_BUILD\" ]; then\n    findGradle\n\n    export MOE_BUILD_SOURCE_SET=test\n    \"$GRADLE_EXEC\" --daemon moeXcodeInternal\nfi\n";
		};
/* End PBXShellScriptBuildPhase section */

/* Begin PBXSourcesBuildPhase section */
		457628E959C2387C830CB1B9 /* Sources */ = {
			isa = PBXSourcesBuildPhase;
			buildActionMask = 2147483647;
			files = (
				456765A59E4ECEBB5915136F /* main.cpp in Sources */,
			);
			runOnlyForDeploymentPostprocessing = 0;
		};
		FAF4023B72B39950D173423D /* Sources */ = {
			isa = PBXSourcesBuildPhase;
			buildActionMask = 2147483647;
			files = (
				9927DCA21CF5E0080091251D /* x_org_json_simple_ItemList.m in Sources */,
				E32EE491B7203351F1E36B83 /* main.cpp in Sources */,
				9927DCA71CF5E0080091251D /* x_org_json_simple_parser_ParseException.m in Sources */,
				9927DCA41CF5E0080091251D /* x_org_json_simple_JSONObject.m in Sources */,
				9927DCA81CF5E0080091251D /* x_org_json_simple_parser_Yytoken.m in Sources */,
				9927DCA51CF5E0080091251D /* x_org_json_simple_JSONValue.m in Sources */,
				9927DCA31CF5E0080091251D /* x_org_json_simple_JSONArray.m in Sources */,
				9927DCA61CF5E0080091251D /* x_org_json_simple_parser_JSONParser.m in Sources */,
			);
			runOnlyForDeploymentPostprocessing = 0;
		};
/* End PBXSourcesBuildPhase section */

/* Begin XCBuildConfiguration section */
		8F6D94E83569C45A370634B2 /* Debug */ = {
			isa = XCBuildConfiguration;
			buildSettings = {
				ALWAYS_SEARCH_USER_PATHS = NO;
				CLANG_CXX_LANGUAGE_STANDARD = "gnu++0x";
				CLANG_CXX_LIBRARY = "libc++";
				CLANG_ENABLE_MODULES = YES;
				CLANG_ENABLE_OBJC_ARC = YES;
				CLANG_WARN_BOOL_CONVERSION = YES;
				CLANG_WARN_CONSTANT_CONVERSION = YES;
				CLANG_WARN_DIRECT_OBJC_ISA_USAGE = YES_ERROR;
				CLANG_WARN_EMPTY_BODY = YES;
				CLANG_WARN_ENUM_CONVERSION = YES;
				CLANG_WARN_INT_CONVERSION = YES;
				CLANG_WARN_OBJC_ROOT_CLASS = YES_ERROR;
				CLANG_WARN_UNREACHABLE_CODE = YES;
				CLANG_WARN__DUPLICATE_METHOD_MATCH = YES;
				"CODE_SIGN_IDENTITY[sdk=iphoneos*]" = "iPhone Developer";
				COPY_PHASE_STRIP = NO;
				ENABLE_STRICT_OBJC_MSGSEND = YES;
				FRAMEWORK_SEARCH_PATHS = (
					"$(inherited)",
					"${MOE_FRAMEWORK_PATH}",
				);
				GCC_C_LANGUAGE_STANDARD = gnu99;
				GCC_DYNAMIC_NO_PIC = NO;
				GCC_OPTIMIZATION_LEVEL = 0;
				GCC_PREPROCESSOR_DEFINITIONS = (
					"DEBUG=1",
					"$(inherited)",
				);
				GCC_SYMBOLS_PRIVATE_EXTERN = NO;
				GCC_WARN_64_TO_32_BIT_CONVERSION = YES;
				GCC_WARN_ABOUT_RETURN_TYPE = YES_ERROR;
				GCC_WARN_UNDECLARED_SELECTOR = YES;
				GCC_WARN_UNINITIALIZED_AUTOS = YES_AGGRESSIVE;
				GCC_WARN_UNUSED_FUNCTION = YES;
				GCC_WARN_UNUSED_VARIABLE = YES;
				IPHONEOS_DEPLOYMENT_TARGET = "";
				LD_RUNPATH_SEARCH_PATHS = "$(inherited) @executable_path/Frameworks";
				MTL_ENABLE_DEBUG_INFO = YES;
				SDKROOT = iphoneos;
				SYMROOT = /Volumes/Data/work/bind_json_simple_1_1_1/build/moe/xcodebuild/sym;
				TARGETED_DEVICE_FAMILY = "1,2";
			};
			name = Debug;
		};
		C599F99337CDA2E05E6DFC25 /* Debug */ = {
			isa = XCBuildConfiguration;
			baseConfigurationReference = B225922206421BA2008EB687 /* build.xcconfig */;
			buildSettings = {
				DEAD_CODE_STRIPPING = NO;
				EMBEDDED_CONTENT_CONTAINS_SWIFT = NO;
				FRAMEWORK_SEARCH_PATHS = "$(inherited)";
				INFOPLIST_FILE = bind_json_simple_1_1_1/Info.plist;
				LD_RUNPATH_SEARCH_PATHS = "$(inherited) @executable_path/Frameworks";
				OTHER_LDFLAGS = "${MOE_OTHER_LDFLAGS}";
				PRODUCT_NAME = bind_json_simple_1_1_1;
				STRIP_STYLE = "non-global";
			};
			name = Debug;
		};
		DE03461F30338500F2E1AFAA /* Debug */ = {
			isa = XCBuildConfiguration;
			baseConfigurationReference = 563C7942502A0658014F294F /* build.xcconfig */;
			buildSettings = {
				DEAD_CODE_STRIPPING = NO;
				EMBEDDED_CONTENT_CONTAINS_SWIFT = NO;
				FRAMEWORK_SEARCH_PATHS = "$(inherited)";
				INFOPLIST_FILE = "Info-Test.plist";
				LD_RUNPATH_SEARCH_PATHS = "$(inherited) @executable_path/Frameworks";
				OTHER_LDFLAGS = "${MOE_OTHER_LDFLAGS}";
				PRODUCT_NAME = "bind_json_simple_1_1_1-Test";
				STRIP_STYLE = "non-global";
			};
			name = Debug;
		};
		DF5F873EFABA2D56993D4543 /* Release */ = {
			isa = XCBuildConfiguration;
			baseConfigurationReference = B225922206421BA2008EB687 /* build.xcconfig */;
			buildSettings = {
				DEAD_CODE_STRIPPING = NO;
				EMBEDDED_CONTENT_CONTAINS_SWIFT = NO;
				FRAMEWORK_SEARCH_PATHS = "$(inherited)";
				INFOPLIST_FILE = bind_json_simple_1_1_1/Info.plist;
				LD_RUNPATH_SEARCH_PATHS = "$(inherited) @executable_path/Frameworks";
				OTHER_LDFLAGS = "${MOE_OTHER_LDFLAGS}";
				PRODUCT_NAME = bind_json_simple_1_1_1;
				STRIP_STYLE = "non-global";
			};
			name = Release;
		};
		E776EBDA69AB10C032FCFC56 /* Release */ = {
			isa = XCBuildConfiguration;
			baseConfigurationReference = 563C7942502A0658014F294F /* build.xcconfig */;
			buildSettings = {
				DEAD_CODE_STRIPPING = NO;
				EMBEDDED_CONTENT_CONTAINS_SWIFT = NO;
				FRAMEWORK_SEARCH_PATHS = "$(inherited)";
				INFOPLIST_FILE = "Info-Test.plist";
				LD_RUNPATH_SEARCH_PATHS = "$(inherited) @executable_path/Frameworks";
				OTHER_LDFLAGS = "${MOE_OTHER_LDFLAGS}";
				PRODUCT_NAME = "bind_json_simple_1_1_1-Test";
				STRIP_STYLE = "non-global";
			};
			name = Release;
		};
		F021764A087030E811236955 /* Release */ = {
			isa = XCBuildConfiguration;
			buildSettings = {
				ALWAYS_SEARCH_USER_PATHS = NO;
				CLANG_CXX_LANGUAGE_STANDARD = "gnu++0x";
				CLANG_CXX_LIBRARY = "libc++";
				CLANG_ENABLE_MODULES = YES;
				CLANG_ENABLE_OBJC_ARC = YES;
				CLANG_WARN_BOOL_CONVERSION = YES;
				CLANG_WARN_CONSTANT_CONVERSION = YES;
				CLANG_WARN_DIRECT_OBJC_ISA_USAGE = YES_ERROR;
				CLANG_WARN_EMPTY_BODY = YES;
				CLANG_WARN_ENUM_CONVERSION = YES;
				CLANG_WARN_INT_CONVERSION = YES;
				CLANG_WARN_OBJC_ROOT_CLASS = YES_ERROR;
				CLANG_WARN_UNREACHABLE_CODE = YES;
				CLANG_WARN__DUPLICATE_METHOD_MATCH = YES;
				"CODE_SIGN_IDENTITY[sdk=iphoneos*]" = "iPhone Developer";
				COPY_PHASE_STRIP = YES;
				ENABLE_NS_ASSERTIONS = NO;
				ENABLE_STRICT_OBJC_MSGSEND = YES;
				FRAMEWORK_SEARCH_PATHS = (
					"$(inherited)",
					"${MOE_FRAMEWORK_PATH}",
				);
				GCC_C_LANGUAGE_STANDARD = gnu99;
				GCC_WARN_64_TO_32_BIT_CONVERSION = YES;
				GCC_WARN_ABOUT_RETURN_TYPE = YES_ERROR;
				GCC_WARN_UNDECLARED_SELECTOR = YES;
				GCC_WARN_UNINITIALIZED_AUTOS = YES_AGGRESSIVE;
				GCC_WARN_UNUSED_FUNCTION = YES;
				GCC_WARN_UNUSED_VARIABLE = YES;
				IPHONEOS_DEPLOYMENT_TARGET = "";
				LD_RUNPATH_SEARCH_PATHS = "$(inherited) @executable_path/Frameworks";
				MTL_ENABLE_DEBUG_INFO = NO;
				SDKROOT = iphoneos;
				SYMROOT = /Volumes/Data/work/bind_json_simple_1_1_1/build/moe/xcodebuild/sym;
				TARGETED_DEVICE_FAMILY = "1,2";
				VALIDATE_PRODUCT = YES;
			};
			name = Release;
		};
/* End XCBuildConfiguration section */

/* Begin XCConfigurationList section */
		07EE09E18D5F35F80D8A7B96 /* Build configuration list for PBXProject "bind_json_simple_1_1_1" */ = {
			isa = XCConfigurationList;
			buildConfigurations = (
				8F6D94E83569C45A370634B2 /* Debug */,
				F021764A087030E811236955 /* Release */,
			);
			defaultConfigurationIsVisible = 0;
			defaultConfigurationName = Release;
		};
		6B60357D3B8385B8F49A137C /* Build configuration list for PBXNativeTarget "bind_json_simple_1_1_1-Test" */ = {
			isa = XCConfigurationList;
			buildConfigurations = (
				DE03461F30338500F2E1AFAA /* Debug */,
				E776EBDA69AB10C032FCFC56 /* Release */,
			);
			defaultConfigurationIsVisible = 0;
			defaultConfigurationName = Release;
		};
		B2A60672C7F99955DC028EF9 /* Build configuration list for PBXNativeTarget "bind_json_simple_1_1_1" */ = {
			isa = XCConfigurationList;
			buildConfigurations = (
				C599F99337CDA2E05E6DFC25 /* Debug */,
				DF5F873EFABA2D56993D4543 /* Release */,
			);
			defaultConfigurationIsVisible = 0;
			defaultConfigurationName = Release;
		};
/* End XCConfigurationList section */
	};
	rootObject = 2F4E9EAB0CE6F6AA45549003 /* Project object */;
}
